# This file is automatically @generated by Cargo.
# It is not intended for manual editing.
[[package]]
name = "nrg"
version = "0.1.0"
dependencies = [
 "nrg_core",
 "nrg_math",
 "nrg_platform",
]

[[package]]
name = "nrg_core"
version = "0.1.0"

[[package]]
name = "nrg_math"
version = "0.1.0"

[[package]]
name = "nrg_platform"
version = "0.1.0"
